// !$*UTF8*$!
{
	archiveVersion = 1;
	classes = {
	};
	objectVersion = 46;
	objects = {

/* Begin PBXBuildFile section */
		543CBE0027B161C9AFDE3824 /* AIFitnessCoachApp.swift in Sources */ = {isa = PBXBuildFile; fileRef = C3726EB408B0388208539E77 /* AIFitnessCoachApp.swift */; };
		626955C541119438634E5B32 /* GoogleGenerativeAI in Frameworks */ = {isa = PBXBuildFile; productRef = 1DFC6E046AA02E4CF8689D9C /* GoogleGenerativeAI */; };
		75D1A92071CFBE1BA9750D59 /* Secrets.swift in Sources */ = {isa = PBXBuildFile; fileRef = 984AC8DD2D26E4CA3247251E /* Secrets.swift */; };
		D8A5CC6C6399BF876493D66B /* ChatView.swift in Sources */ = {isa = PBXBuildFile; fileRef = DA86D03EE20341A8CB8173EE /* ChatView.swift */; };
		DEBB8672AFBDB80CA6D79AA6 /* ChatViewModel.swift in Sources */ = {isa = PBXBuildFile; fileRef = 892FA4CC13985F26BA4BB4DE /* ChatViewModel.swift */; };
		E37298633D0B4EB1FD27458D /* Assets.xcassets in Resources */ = {isa = PBXBuildFile; fileRef = 2757E95543939CACDB8D35DE /* Assets.xcassets */; };
		E541659C316B9F8EBCCD6AA3 /* ChatMessage.swift in Sources */ = {isa = PBXBuildFile; fileRef = AF9454A3119F7BF71A5331E4 /* ChatMessage.swift */; };
		E6E8BD3E3A715A18D4957878 /* Foundation.framework in Frameworks */ = {isa = PBXBuildFile; fileRef = 0B16CF484B776C9214345E29 /* Foundation.framework */; };
		E767E8F495D10156A93BCC15 /* ContentView.swift in Sources */ = {isa = PBXBuildFile; fileRef = FAE95B5B0D96FB302BFE3145 /* ContentView.swift */; };
		EDF73C6C2B12F9FC2BDB6140 /* Preview Assets.xcassets in Resources */ = {isa = PBXBuildFile; fileRef = 5493D0D3C44442CCF82489CA /* Preview Assets.xcassets */; };
/* End PBXBuildFile section */

/* Begin PBXFileReference section */
		0B16CF484B776C9214345E29 /* Foundation.framework */ = {isa = PBXFileReference; lastKnownFileType = wrapper.framework; name = Foundation.framework; path = Platforms/iPhoneOS.platform/Developer/SDKs/iPhoneOS18.0.sdk/System/Library/Frameworks/Foundation.framework; sourceTree = DEVELOPER_DIR; };
		2757E95543939CACDB8D35DE /* Assets.xcassets */ = {isa = PBXFileReference; includeInIndex = 1; lastKnownFileType = folder.assetcatalog; path = Assets.xcassets; sourceTree = "<group>"; };
		5493D0D3C44442CCF82489CA /* Preview Assets.xcassets */ = {isa = PBXFileReference; includeInIndex = 1; lastKnownFileType = folder.assetcatalog; name = "Preview Assets.xcassets"; path = "Preview Assets.xcassets"; sourceTree = "<group>"; };
		5D2117400251372FC1E5F512 /* AIFitnessCoach.app */ = {isa = PBXFileReference; explicitFileType = wrapper.application; includeInIndex = 0; path = AIFitnessCoach.app; sourceTree = BUILT_PRODUCTS_DIR; };
		892FA4CC13985F26BA4BB4DE /* ChatViewModel.swift */ = {isa = PBXFileReference; includeInIndex = 1; lastKnownFileType = sourcecode.swift; path = ChatViewModel.swift; sourceTree = "<group>"; };
		984AC8DD2D26E4CA3247251E /* Secrets.swift */ = {isa = PBXFileReference; includeInIndex = 1; lastKnownFileType = sourcecode.swift; path = Secrets.swift; sourceTree = "<group>"; };
		AF9454A3119F7BF71A5331E4 /* ChatMessage.swift */ = {isa = PBXFileReference; includeInIndex = 1; lastKnownFileType = sourcecode.swift; path = ChatMessage.swift; sourceTree = "<group>"; };
		C3726EB408B0388208539E77 /* AIFitnessCoachApp.swift */ = {isa = PBXFileReference; includeInIndex = 1; lastKnownFileType = sourcecode.swift; name = AIFitnessCoachApp.swift; path = AIFitnessCoachApp.swift; sourceTree = "<group>"; };
		DA86D03EE20341A8CB8173EE /* ChatView.swift */ = {isa = PBXFileReference; includeInIndex = 1; lastKnownFileType = sourcecode.swift; path = ChatView.swift; sourceTree = "<group>"; };
		FAE95B5B0D96FB302BFE3145 /* ContentView.swift */ = {isa = PBXFileReference; includeInIndex = 1; lastKnownFileType = sourcecode.swift; name = ContentView.swift; path = ContentView.swift; sourceTree = "<group>"; };
/* End PBXFileReference section */

/* Begin PBXFrameworksBuildPhase section */
		3803524B3B365B7852EDF795 /* Frameworks */ = {
			isa = PBXFrameworksBuildPhase;
			buildActionMask = 2147483647;
			files = (
				E6E8BD3E3A715A18D4957878 /* Foundation.framework in Frameworks */,
				626955C541119438634E5B32 /* GoogleGenerativeAI in Frameworks */,
			);
			runOnlyForDeploymentPostprocessing = 0;
		};
/* End PBXFrameworksBuildPhase section */

/* Begin PBXGroup section */
		12C5691C1D9812D6840FF85F /* Products */ = {
			isa = PBXGroup;
			children = (
				5D2117400251372FC1E5F512 /* AIFitnessCoach.app */,
			);
			name = Products;
			sourceTree = "<group>";
		};
		1EE573857F2D428ED6D60DD8 /* Preview Content */ = {
			isa = PBXGroup;
			children = (
				5493D0D3C44442CCF82489CA /* Preview Assets.xcassets */,
			);
			name = "Preview Content";
			path = "Preview Content";
			sourceTree = "<group>";
		};
		3F47EC011AA93DCD0C90483E /* Views */ = {
			isa = PBXGroup;
			children = (
				DA86D03EE20341A8CB8173EE /* ChatView.swift */,
			);
			name = Views;
			path = Views;
			sourceTree = "<group>";
		};
		48F580DFE59DCB4027FB3AEC /* ViewModels */ = {
			isa = PBXGroup;
			children = (
				892FA4CC13985F26BA4BB4DE /* ChatViewModel.swift */,
			);
			name = ViewModels;
			path = ViewModels;
			sourceTree = "<group>";
		};
		4F7D89EBC189B89F3F8A2186 /* Frameworks */ = {
			isa = PBXGroup;
			children = (
				DF6F8E381B2AE1ACE283A651 /* iOS */,
			);
			name = Frameworks;
			sourceTree = "<group>";
		};
		5E2E25462E75CD2AA9086296 = {
			isa = PBXGroup;
			children = (
				12C5691C1D9812D6840FF85F /* Products */,
				4F7D89EBC189B89F3F8A2186 /* Frameworks */,
				FA2A2794C32C5CAB743605CF /* AIFitnessCoach */,
			);
			sourceTree = "<group>";
		};
		690140878BF54A85F2CF5005 /* Models */ = {
			isa = PBXGroup;
			children = (
				AF9454A3119F7BF71A5331E4 /* ChatMessage.swift */,
			);
			name = Models;
			path = Models;
			sourceTree = "<group>";
		};
		DF6F8E381B2AE1ACE283A651 /* iOS */ = {
			isa = PBXGroup;
			children = (
				0B16CF484B776C9214345E29 /* Foundation.framework */,
			);
			name = iOS;
			sourceTree = "<group>";
		};
		FA2A2794C32C5CAB743605CF /* AIFitnessCoach */ = {
			isa = PBXGroup;
			children = (
				C3726EB408B0388208539E77 /* AIFitnessCoachApp.swift */,
				FAE95B5B0D96FB302BFE3145 /* ContentView.swift */,
				1EE573857F2D428ED6D60DD8 /* Preview Content */,
				690140878BF54A85F2CF5005 /* Models */,
				3F47EC011AA93DCD0C90483E /* Views */,
				48F580DFE59DCB4027FB3AEC /* ViewModels */,
				2757E95543939CACDB8D35DE /* Assets.xcassets */,
				984AC8DD2D26E4CA3247251E /* Secrets.swift */,
			);
			name = AIFitnessCoach;
			path = AIFitnessCoach;
			sourceTree = "<group>";
		};
/* End PBXGroup section */

/* Begin PBXNativeTarget section */
		4419CD2F42E5A79D3ED51D11 /* AIFitnessCoach */ = {
			isa = PBXNativeTarget;
			buildConfigurationList = AADAD2565323DC2B6B8E34E6 /* Build configuration list for PBXNativeTarget "AIFitnessCoach" */;
			buildPhases = (
				709919633E59C4C7D899C1BE /* Sources */,
				3803524B3B365B7852EDF795 /* Frameworks */,
				9B4785CC2B365ADA70A27168 /* Resources */,
			);
			buildRules = (
			);
			dependencies = (
			);
			name = AIFitnessCoach;
			packageProductDependencies = (
				1DFC6E046AA02E4CF8689D9C /* GoogleGenerativeAI */,
			);
			productName = AIFitnessCoach;
			productReference = 5D2117400251372FC1E5F512 /* AIFitnessCoach.app */;
			productType = "com.apple.product-type.application";
		};
/* End PBXNativeTarget section */

/* Begin PBXProject section */
		E842B198C5FE9662C7F3830B /* Project object */ = {
			isa = PBXProject;
			attributes = {
				LastSwiftUpdateCheck = 1600;
				LastUpgradeCheck = 1600;
			};
			buildConfigurationList = 3D8044172842D523C9300F13 /* Build configuration list for PBXProject "AIFitnessCoach" */;
			compatibilityVersion = "Xcode 3.2";
			developmentRegion = en;
			hasScannedForEncodings = 0;
			knownRegions = (
				en,
				Base,
			);
			mainGroup = 5E2E25462E75CD2AA9086296;
			minimizedProjectReferenceProxies = 0;
			packageReferences = (
				0F29A922938A67769695405C /* XCRemoteSwiftPackageReference "generative-ai-swift" */,
			);
			preferredProjectObjectVersion = 77;
			productRefGroup = 12C5691C1D9812D6840FF85F /* Products */;
			projectDirPath = "";
			projectRoot = "";
			targets = (
				4419CD2F42E5A79D3ED51D11 /* AIFitnessCoach */,
			);
		};
/* End PBXProject section */

/* Begin PBXResourcesBuildPhase section */
		9B4785CC2B365ADA70A27168 /* Resources */ = {
			isa = PBXResourcesBuildPhase;
			buildActionMask = 2147483647;
			files = (
				EDF73C6C2B12F9FC2BDB6140 /* Preview Assets.xcassets in Resources */,
				E37298633D0B4EB1FD27458D /* Assets.xcassets in Resources */,
			);
			runOnlyForDeploymentPostprocessing = 0;
		};
/* End PBXResourcesBuildPhase section */

/* Begin PBXSourcesBuildPhase section */
		709919633E59C4C7D899C1BE /* Sources */ = {
			isa = PBXSourcesBuildPhase;
			buildActionMask = 2147483647;
			files = (
				543CBE0027B161C9AFDE3824 /* AIFitnessCoachApp.swift in Sources */,
				E767E8F495D10156A93BCC15 /* ContentView.swift in Sources */,
				E541659C316B9F8EBCCD6AA3 /* ChatMessage.swift in Sources */,
				D8A5CC6C6399BF876493D66B /* ChatView.swift in Sources */,
				DEBB8672AFBDB80CA6D79AA6 /* ChatViewModel.swift in Sources */,
				75D1A92071CFBE1BA9750D59 /* Secrets.swift in Sources */,
			);
			runOnlyForDeploymentPostprocessing = 0;
		};
/* End PBXSourcesBuildPhase section */

/* Begin XCBuildConfiguration section */
		10B075C10C936E3CBCF43925 /* Release */ = {
			isa = XCBuildConfiguration;
			buildSettings = {
				ALWAYS_SEARCH_USER_PATHS = NO;
				CLANG_ANALYZER_NONNULL = YES;
				CLANG_ANALYZER_NUMBER_OBJECT_CONVERSION = YES_AGGRESSIVE;
				CLANG_CXX_LANGUAGE_STANDARD = "gnu++14";
				CLANG_CXX_LIBRARY = "libc++";
				CLANG_ENABLE_MODULES = YES;
				CLANG_ENABLE_OBJC_ARC = YES;
				CLANG_ENABLE_OBJC_WEAK = YES;
				CLANG_WARN_BLOCK_CAPTURE_AUTORELEASING = YES;
				CLANG_WARN_BOOL_CONVERSION = YES;
				CLANG_WARN_COMMA = YES;
				CLANG_WARN_CONSTANT_CONVERSION = YES;
				CLANG_WARN_DEPRECATED_OBJC_IMPLEMENTATIONS = YES;
				CLANG_WARN_DIRECT_OBJC_ISA_USAGE = YES_ERROR;
				CLANG_WARN_DOCUMENTATION_COMMENTS = YES;
				CLANG_WARN_EMPTY_BODY = YES;
				CLANG_WARN_ENUM_CONVERSION = YES;
				CLANG_WARN_INFINITE_RECURSION = YES;
				CLANG_WARN_INT_CONVERSION = YES;
				CLANG_WARN_NON_LITERAL_NULL_CONVERSION = YES;
				CLANG_WARN_OBJC_IMPLICIT_RETAIN_SELF = YES;
				CLANG_WARN_OBJC_LITERAL_CONVERSION = YES;
				CLANG_WARN_OBJC_ROOT_CLASS = YES_ERROR;
				CLANG_WARN_QUOTED_INCLUDE_IN_FRAMEWORK_HEADER = YES;
				CLANG_WARN_RANGE_LOOP_ANALYSIS = YES;
				CLANG_WARN_STRICT_PROTOTYPES = YES;
				CLANG_WARN_SUSPICIOUS_MOVE = YES;
				CLANG_WARN_UNGUARDED_AVAILABILITY = YES_AGGRESSIVE;
				CLANG_WARN_UNREACHABLE_CODE = YES;
				CLANG_WARN__DUPLICATE_METHOD_MATCH = YES;
				COPY_PHASE_STRIP = NO;
				DEBUG_INFORMATION_FORMAT = "dwarf-with-dsym";
				ENABLE_NS_ASSERTIONS = NO;
				ENABLE_STRICT_OBJC_MSGSEND = YES;
				GCC_C_LANGUAGE_STANDARD = gnu11;
				GCC_NO_COMMON_BLOCKS = YES;
				GCC_WARN_64_TO_32_BIT_CONVERSION = YES;
				GCC_WARN_ABOUT_RETURN_TYPE = YES_ERROR;
				GCC_WARN_UNDECLARED_SELECTOR = YES;
				GCC_WARN_UNINITIALIZED_AUTOS = YES_AGGRESSIVE;
				GCC_WARN_UNUSED_FUNCTION = YES;
				GCC_WARN_UNUSED_VARIABLE = YES;
				IPHONEOS_DEPLOYMENT_TARGET = 18.0;
				MTL_ENABLE_DEBUG_INFO = NO;
				MTL_FAST_MATH = YES;
				PRODUCT_NAME = "$(TARGET_NAME)";
				SWIFT_COMPILATION_MODE = wholemodule;
				SWIFT_OPTIMIZATION_LEVEL = "-O";
				SWIFT_VERSION = 5.0;
			};
			name = Release;
		};
		3859AB0E3EC495E940A1F111 /* Release */ = {
			isa = XCBuildConfiguration;
			buildSettings = {
				ASSETCATALOG_COMPILER_APPICON_NAME = AppIcon;
				ASSETCATALOG_COMPILER_GLOBAL_ACCENT_COLOR_NAME = AccentColor;
				CLANG_ENABLE_OBJC_WEAK = NO;
				DEVELOPMENT_ASSET_PATHS = "\"AIFitnessCoach/Preview Content\"";
				ENABLE_PREVIEWS = YES;
				GENERATE_INFOPLIST_FILE = YES;
				INFOPLIST_KEY_UIApplicationSceneManifest_Generation = YES;
				INFOPLIST_KEY_UIApplicationSupportsIndirectInputEvents = YES;
				INFOPLIST_KEY_UILaunchScreen_Generation = YES;
				INFOPLIST_KEY_UISupportedInterfaceOrientations_iPhone = UIInterfaceOrientationPortrait;
				IPHONEOS_DEPLOYMENT_TARGET = 18.0;
				LD_RUNPATH_SEARCH_PATHS = "$(inherited) @executable_path/Frameworks";
				PRODUCT_BUNDLE_IDENTIFIER = com.aifitnesscoach.app;
				SDKROOT = iphoneos;
				SWIFT_VERSION = 5.0;
				TARGETED_DEVICE_FAMILY = "1,2";
				VALIDATE_PRODUCT = YES;
			};
			name = Release;
		};
		4F0FF7AF43A0F5B5566990B3 /* Debug */ = {
			isa = XCBuildConfiguration;
			buildSettings = {
				ALWAYS_SEARCH_USER_PATHS = NO;
				CLANG_ANALYZER_NONNULL = YES;
				CLANG_ANALYZER_NUMBER_OBJECT_CONVERSION = YES_AGGRESSIVE;
				CLANG_CXX_LANGUAGE_STANDARD = "gnu++14";
				CLANG_CXX_LIBRARY = "libc++";
				CLANG_ENABLE_MODULES = YES;
				CLANG_ENABLE_OBJC_ARC = YES;
				CLANG_ENABLE_OBJC_WEAK = YES;
				CLANG_WARN_BLOCK_CAPTURE_AUTORELEASING = YES;
				CLANG_WARN_BOOL_CONVERSION = YES;
				CLANG_WARN_COMMA = YES;
				CLANG_WARN_CONSTANT_CONVERSION = YES;
				CLANG_WARN_DEPRECATED_OBJC_IMPLEMENTATIONS = YES;
				CLANG_WARN_DIRECT_OBJC_ISA_USAGE = YES_ERROR;
				CLANG_WARN_DOCUMENTATION_COMMENTS = YES;
				CLANG_WARN_EMPTY_BODY = YES;
				CLANG_WARN_ENUM_CONVERSION = YES;
				CLANG_WARN_INFINITE_RECURSION = YES;
				CLANG_WARN_INT_CONVERSION = YES;
				CLANG_WARN_NON_LITERAL_NULL_CONVERSION = YES;
				CLANG_WARN_OBJC_IMPLICIT_RETAIN_SELF = YES;
				CLANG_WARN_OBJC_LITERAL_CONVERSION = YES;
				CLANG_WARN_OBJC_ROOT_CLASS = YES_ERROR;
				CLANG_WARN_QUOTED_INCLUDE_IN_FRAMEWORK_HEADER = YES;
				CLANG_WARN_RANGE_LOOP_ANALYSIS = YES;
				CLANG_WARN_STRICT_PROTOTYPES = YES;
				CLANG_WARN_SUSPICIOUS_MOVE = YES;
				CLANG_WARN_UNGUARDED_AVAILABILITY = YES_AGGRESSIVE;
				CLANG_WARN_UNREACHABLE_CODE = YES;
				CLANG_WARN__DUPLICATE_METHOD_MATCH = YES;
				COPY_PHASE_STRIP = NO;
				DEBUG_INFORMATION_FORMAT = dwarf;
				ENABLE_STRICT_OBJC_MSGSEND = YES;
				ENABLE_TESTABILITY = YES;
				GCC_C_LANGUAGE_STANDARD = gnu11;
				GCC_DYNAMIC_NO_PIC = NO;
				GCC_NO_COMMON_BLOCKS = YES;
				GCC_OPTIMIZATION_LEVEL = 0;
				GCC_PREPROCESSOR_DEFINITIONS = (
					"DEBUG=1",
					"$(inherited)",
				);
				GCC_WARN_64_TO_32_BIT_CONVERSION = YES;
				GCC_WARN_ABOUT_RETURN_TYPE = YES_ERROR;
				GCC_WARN_UNDECLARED_SELECTOR = YES;
				GCC_WARN_UNINITIALIZED_AUTOS = YES_AGGRESSIVE;
				GCC_WARN_UNUSED_FUNCTION = YES;
				GCC_WARN_UNUSED_VARIABLE = YES;
				IPHONEOS_DEPLOYMENT_TARGET = 18.0;
				MTL_ENABLE_DEBUG_INFO = INCLUDE_SOURCE;
				MTL_FAST_MATH = YES;
				ONLY_ACTIVE_ARCH = YES;
				PRODUCT_NAME = "$(TARGET_NAME)";
				SWIFT_ACTIVE_COMPILATION_CONDITIONS = DEBUG;
				SWIFT_OPTIMIZATION_LEVEL = "-Onone";
				SWIFT_VERSION = 5.0;
			};
			name = Debug;
		};
		FD59EEF071F9491025EF52C0 /* Debug */ = {
			isa = XCBuildConfiguration;
			buildSettings = {
				ASSETCATALOG_COMPILER_APPICON_NAME = AppIcon;
				ASSETCATALOG_COMPILER_GLOBAL_ACCENT_COLOR_NAME = AccentColor;
				CLANG_ENABLE_OBJC_WEAK = NO;
				DEVELOPMENT_ASSET_PATHS = "\"AIFitnessCoach/Preview Content\"";
				ENABLE_PREVIEWS = YES;
				GENERATE_INFOPLIST_FILE = YES;
				INFOPLIST_KEY_UIApplicationSceneManifest_Generation = YES;
				INFOPLIST_KEY_UIApplicationSupportsIndirectInputEvents = YES;
				INFOPLIST_KEY_UILaunchScreen_Generation = YES;
				INFOPLIST_KEY_UISupportedInterfaceOrientations_iPhone = UIInterfaceOrientationPortrait;
				IPHONEOS_DEPLOYMENT_TARGET = 18.0;
				LD_RUNPATH_SEARCH_PATHS = "$(inherited) @executable_path/Frameworks";
				PRODUCT_BUNDLE_IDENTIFIER = com.aifitnesscoach.app;
				SDKROOT = iphoneos;
				SWIFT_VERSION = 5.0;
				TARGETED_DEVICE_FAMILY = "1,2";
			};
			name = Debug;
		};
/* End XCBuildConfiguration section */

/* Begin XCConfigurationList section */
		3D8044172842D523C9300F13 /* Build configuration list for PBXProject "AIFitnessCoach" */ = {
			isa = XCConfigurationList;
			buildConfigurations = (
				4F0FF7AF43A0F5B5566990B3 /* Debug */,
				10B075C10C936E3CBCF43925 /* Release */,
			);
			defaultConfigurationIsVisible = 0;
			defaultConfigurationName = Release;
		};
		AADAD2565323DC2B6B8E34E6 /* Build configuration list for PBXNativeTarget "AIFitnessCoach" */ = {
			isa = XCConfigurationList;
			buildConfigurations = (
				3859AB0E3EC495E940A1F111 /* Release */,
				FD59EEF071F9491025EF52C0 /* Debug */,
			);
			defaultConfigurationIsVisible = 0;
			defaultConfigurationName = Release;
		};
/* End XCConfigurationList section */

/* Begin XCRemoteSwiftPackageReference section */
		0F29A922938A67769695405C /* XCRemoteSwiftPackageReference "generative-ai-swift" */ = {
			isa = XCRemoteSwiftPackageReference;
			repositoryURL = "https://github.com/google/generative-ai-swift";
			requirement = {
				kind = upToNextMajorVersion;
				minimumVersion = 0.5.4;
			};
		};
/* End XCRemoteSwiftPackageReference section */

/* Begin XCSwiftPackageProductDependency section */
		1DFC6E046AA02E4CF8689D9C /* GoogleGenerativeAI */ = {
			isa = XCSwiftPackageProductDependency;
			package = 0F29A922938A67769695405C /* XCRemoteSwiftPackageReference "generative-ai-swift" */;
			productName = GoogleGenerativeAI;
		};
/* End XCSwiftPackageProductDependency section */
	};
	rootObject = E842B198C5FE9662C7F3830B /* Project object */;
}
