// !$*UTF8*$!
{
	archiveVersion = 1;
	classes = {
	};
	objectVersion = 70;
	objects = {

/* Begin PBXBuildFile section */
		06C5198C4908FF10CCF1E836 /* StravaAuthService.swift in Sources */ = {isa = PBXBuildFile; fileRef = 60758C181F9C986190D5A369 /* StravaAuthService.swift */; };
		0ED375BF4E3F9C2FB4E3A5F9 /* FitnessDataServiceTests.swift in Sources */ = {isa = PBXBuildFile; fileRef = 758A7ECDF66FE523D3217100 /* FitnessDataServiceTests.swift */; };
		13CD8B16330404CA41A93BDE /* NetworkSession.swift in Sources */ = {isa = PBXBuildFile; fileRef = AAA7D9A3478B658A833E11D1 /* NetworkSession.swift */; };
		200EA372CBBCA4A6A0021BAF /* AddGoalView.swift in Sources */ = {isa = PBXBuildFile; fileRef = BDF699C6B7148ACD66E857D7 /* AddGoalView.swift */; };
		26CFC95E9F1D535817250215 /* FitnessDataService.swift in Sources */ = {isa = PBXBuildFile; fileRef = F752392D9C6DF10FBC9F0A95 /* FitnessDataService.swift */; };
		34B36AEEDAF09C2EA9BC6241 /* SettingsViewTests.swift in Sources */ = {isa = PBXBuildFile; fileRef = BAA944C2BAFC81F1B435A02A /* SettingsViewTests.swift */; };
		48E3320BE9BDAC79B8060EEE /* KeychainService.swift in Sources */ = {isa = PBXBuildFile; fileRef = 136CF190D3B3F2D63ADC3225 /* KeychainService.swift */; };
		5207FD409349CA11ECD20774 /* GenerativeModelProtocol.swift in Sources */ = {isa = PBXBuildFile; fileRef = 6CAD188D90BEB0018EC65323 /* GenerativeModelProtocol.swift */; };
		531DF0798000FFC0CACC940E /* SettingsView.swift in Sources */ = {isa = PBXBuildFile; fileRef = CE4D1D9B3991F419262E294E /* SettingsView.swift */; };
		543CBE0027B161C9AFDE3824 /* AIFitnessCoachApp.swift in Sources */ = {isa = PBXBuildFile; fileRef = C3726EB408B0388208539E77 /* AIFitnessCoachApp.swift */; };
		5DBFDEDC67859D1105BB9DE5 /* MockGenerativeModel.swift in Sources */ = {isa = PBXBuildFile; fileRef = CA3664CEA7FBF8A7E8B2D822 /* MockGenerativeModel.swift */; };
		626955C541119438634E5B32 /* GoogleGenerativeAI in Frameworks */ = {isa = PBXBuildFile; productRef = 1DFC6E046AA02E4CF8689D9C /* GoogleGenerativeAI */; };
		6D21D46EBFDA3ABDB67ECDBF /* GoalsListView.swift in Sources */ = {isa = PBXBuildFile; fileRef = D92F0B029D6902862CF50631 /* GoalsListView.swift */; };
		73F9568829F48D139CC06AB6 /* GoogleGenerativeAI in Frameworks */ = {isa = PBXBuildFile; productRef = DDF501EC97778A185B48B142 /* GoogleGenerativeAI */; };
		75D1A92071CFBE1BA9750D59 /* Secrets.swift in Sources */ = {isa = PBXBuildFile; fileRef = 984AC8DD2D26E4CA3247251E /* Secrets.swift */; };
		7C2EEDEF6E1CCAB9FE856BED /* StravaTokenResponse.swift in Sources */ = {isa = PBXBuildFile; fileRef = 6D6902F6A369E69FC0F8BC5C /* StravaTokenResponse.swift */; };
		7F8F58135FA6D8F7628C8581 /* UIImage+Extensions.swift in Sources */ = {isa = PBXBuildFile; fileRef = C120D3DB6FF46AC1602E9958 /* UIImage+Extensions.swift */; };
		89B083BDD5A2948D191971E5 /* FitnessGoalTests.swift in Sources */ = {isa = PBXBuildFile; fileRef = 7FDDDD26172C97669936B5B8 /* FitnessGoalTests.swift */; };
		9673922FF2B9CCC9D666596F /* MockTokenStore.swift in Sources */ = {isa = PBXBuildFile; fileRef = 70418E8B60B3D7CA1BC426AA /* MockTokenStore.swift */; };
		9E9427B7C484EE11E612C120 /* StravaActivity.swift in Sources */ = {isa = PBXBuildFile; fileRef = AFC6614564EA2DCFCEB00BD7 /* StravaActivity.swift */; };
		A12B3C4D5E6F7A8B9C0D1E2F /* GapAnalysisCardView.swift in Sources */ = {isa = PBXBuildFile; fileRef = B23C4D5E6F7A8B9C0D1E2F3A /* GapAnalysisCardView.swift */; };
		A1B2C3D4E5F6A7B8C9D0E1F2 /* ReadinessCalculatorTests.swift in Sources */ = {isa = PBXBuildFile; fileRef = B2C3D4E5F6A7B8C9D0E1F2A3 /* ReadinessCalculatorTests.swift */; };
		A3BB100A32BF93E6C7587F72 /* FitnessGoal.swift in Sources */ = {isa = PBXBuildFile; fileRef = 769A9B604D9B0D66D5D394F9 /* FitnessGoal.swift */; };
		A9B8C7D6E5F4A3B2C1D0E9F8 /* ProactiveNotificationService.swift in Sources */ = {isa = PBXBuildFile; fileRef = F8E9D0C1B2A3F4E5D6C7B8A9 /* ProactiveNotificationService.swift */; };
		B1C2D3E4F5A6B7C8D9E0F1A2 /* WeatherManager.swift in Sources */ = {isa = PBXBuildFile; fileRef = C2D3E4F5A6B7C8D9E0F1A2B3 /* WeatherManager.swift */; };
		B49CB5209082C67DC40F4FA5 /* FitnessDataError.swift in Sources */ = {isa = PBXBuildFile; fileRef = E9F8A5ED17924E05931B9476 /* FitnessDataError.swift */; };
		B81B710C2F8D65A80062BC61 /* UITestMockEnvironment.swift in Sources */ = {isa = PBXBuildFile; fileRef = B81B710B2F8D65A80062BC61 /* UITestMockEnvironment.swift */; };
		C3D4E5F6A7B8C9D0E1F2A3B4 /* TrainingPhaseTests.swift in Sources */ = {isa = PBXBuildFile; fileRef = D4E5F6A7B8C9D0E1F2A3B4C5 /* TrainingPhaseTests.swift */; };
		CC54A4B0A24ABC7666AB3222 /* ChatViewModelTests.swift in Sources */ = {isa = PBXBuildFile; fileRef = 67296E4EBEF49D03095F01B9 /* ChatViewModelTests.swift */; };
		CC77FF11AA3322BB55DD8844 /* OnboardingView.swift in Sources */ = {isa = PBXBuildFile; fileRef = DD88EE22FF4433AA66BB9955 /* OnboardingView.swift */; };
		D8A5CC6C6399BF876493D66B /* ChatView.swift in Sources */ = {isa = PBXBuildFile; fileRef = DA86D03EE20341A8CB8173EE /* ChatView.swift */; };
		D9D6946898CF838A86E276DC /* Foundation.framework in Frameworks */ = {isa = PBXBuildFile; fileRef = 0B16CF484B776C9214345E29 /* Foundation.framework */; };
		DB076B94561F03C4EB2D8C5E /* TokenStore.swift in Sources */ = {isa = PBXBuildFile; fileRef = EDA9519ECAE22F903D67C756 /* TokenStore.swift */; };
		DEBB8672AFBDB80CA6D79AA6 /* ChatViewModel.swift in Sources */ = {isa = PBXBuildFile; fileRef = 892FA4CC13985F26BA4BB4DE /* ChatViewModel.swift */; };
		E23A1B4C5D6E7F8A9B0C1D2E /* ProgressService.swift in Sources */ = {isa = PBXBuildFile; fileRef = F34B2C5D6E7F8A9B0C1D2E3F /* ProgressService.swift */; };
		E24A1B4C5D6E7F8A9B0C1D2F /* UserProfileService.swift in Sources */ = {isa = PBXBuildFile; fileRef = F24B2C5D6E7F8A9B0C1D2E4A /* UserProfileService.swift */; };
		E35A2B5C6D7E8F9A0B1C2D3E /* NutritionService.swift in Sources */ = {isa = PBXBuildFile; fileRef = F35C3D6E7F8A9B0C1D2E3F5B /* NutritionService.swift */; };
		E37298633D0B4EB1FD27458D /* Assets.xcassets in Resources */ = {isa = PBXBuildFile; fileRef = 2757E95543939CACDB8D35DE /* Assets.xcassets */; };
		E46B3C6D7E8F9A0B1C2D3E4F /* FutureProjectionService.swift in Sources */ = {isa = PBXBuildFile; fileRef = F46C4D7E8F9A0B1C2D3E4F5A /* FutureProjectionService.swift */; };
		E541659C316B9F8EBCCD6AA3 /* ChatMessage.swift in Sources */ = {isa = PBXBuildFile; fileRef = AF9454A3119F7BF71A5331E4 /* ChatMessage.swift */; };
		E5F6A7B8C9D0E1F2A3B4C5D6 /* BlueprintCheckerTests.swift in Sources */ = {isa = PBXBuildFile; fileRef = F6A7B8C9D0E1F2A3B4C5D6E7 /* BlueprintCheckerTests.swift */; };
		E632BCD343E9A620341BD347 /* EditGoalView.swift in Sources */ = {isa = PBXBuildFile; fileRef = 203C295EF5D568151B5D1BEF /* EditGoalView.swift */; };
		E6E8BD3E3A715A18D4957878 /* Foundation.framework in Frameworks */ = {isa = PBXBuildFile; fileRef = 0B16CF484B776C9214345E29 /* Foundation.framework */; };
		E767E8F495D10156A93BCC15 /* ContentView.swift in Sources */ = {isa = PBXBuildFile; fileRef = FAE95B5B0D96FB302BFE3145 /* ContentView.swift */; };
		EDF73C6C2B12F9FC2BDB6140 /* Preview Assets.xcassets in Resources */ = {isa = PBXBuildFile; fileRef = 5493D0D3C44442CCF82489CA /* Preview Assets.xcassets */; };
		F00D4D082A5D0B980C536185 /* StravaAuthServiceTests.swift in Sources */ = {isa = PBXBuildFile; fileRef = C1C2BF572AF13DE2A83E51CF /* StravaAuthServiceTests.swift */; };
		F57D4E8A9B0C1D2E3F4A5B6C /* BlueprintTimelineView.swift in Sources */ = {isa = PBXBuildFile; fileRef = A57D4E8A9B0C1D2E3F4A5B6C /* BlueprintTimelineView.swift */; };
		FA26082FD3260BAC05A7AAEB /* MockNetworkSession.swift in Sources */ = {isa = PBXBuildFile; fileRef = 0DE3DDF83AB44095AF4FA0CE /* MockNetworkSession.swift */; };
		G7H8I9J0K1L2M3N4O5P6Q7R8 /* PeriodizationEngineTests.swift in Sources */ = {isa = PBXBuildFile; fileRef = H8I9J0K1L2M3N4O5P6Q7R8S9 /* PeriodizationEngineTests.swift */; };
		AA11BB22CC33DD44EE55FF66 /* NutritionServiceTests.swift in Sources */ = {isa = PBXBuildFile; fileRef = BB22CC33DD44EE55FF6677AA /* NutritionServiceTests.swift */; };
		CC33DD44EE55FF6677AA8899 /* ProgressServiceTests.swift in Sources */ = {isa = PBXBuildFile; fileRef = DD44EE55FF6677AA88990011 /* ProgressServiceTests.swift */; };
		EE55FF6677AA889900112233 /* FutureProjectionServiceTests.swift in Sources */ = {isa = PBXBuildFile; fileRef = FF6677AA88990011223344EE /* FutureProjectionServiceTests.swift */; };
/* End PBXBuildFile section */

/* Begin PBXContainerItemProxy section */
		B85200532F719C9900F5B5E9 /* PBXContainerItemProxy */ = {
			isa = PBXContainerItemProxy;
			containerPortal = E842B198C5FE9662C7F3830B /* Project object */;
			proxyType = 1;
			remoteGlobalIDString = 4419CD2F42E5A79D3ED51D11;
			remoteInfo = AIFitnessCoach;
		};
		FCCABB94B50D1540C1C0093A /* PBXContainerItemProxy */ = {
			isa = PBXContainerItemProxy;
			containerPortal = E842B198C5FE9662C7F3830B /* Project object */;
			proxyType = 1;
			remoteGlobalIDString = 4419CD2F42E5A79D3ED51D11;
			remoteInfo = AIFitnessCoach;
		};
/* End PBXContainerItemProxy section */

/* Begin PBXFileReference section */
		07262F9AE3513E421E9B387F /* AIFitnessCoachTests.xctest */ = {isa = PBXFileReference; explicitFileType = wrapper.cfbundle; includeInIndex = 0; path = AIFitnessCoachTests.xctest; sourceTree = BUILT_PRODUCTS_DIR; };
		0B16CF484B776C9214345E29 /* Foundation.framework */ = {isa = PBXFileReference; lastKnownFileType = wrapper.framework; name = Foundation.framework; path = Platforms/iPhoneOS.platform/Developer/SDKs/iPhoneOS18.0.sdk/System/Library/Frameworks/Foundation.framework; sourceTree = DEVELOPER_DIR; };
		0D235CA77C73BA3BBA685143 /* Secrets-template.swift */ = {isa = PBXFileReference; includeInIndex = 1; lastKnownFileType = sourcecode.swift; path = "Secrets-template.swift"; sourceTree = "<group>"; };
		0DE3DDF83AB44095AF4FA0CE /* MockNetworkSession.swift */ = {isa = PBXFileReference; includeInIndex = 1; lastKnownFileType = sourcecode.swift; path = MockNetworkSession.swift; sourceTree = "<group>"; };
		136CF190D3B3F2D63ADC3225 /* KeychainService.swift */ = {isa = PBXFileReference; includeInIndex = 1; lastKnownFileType = sourcecode.swift; path = KeychainService.swift; sourceTree = "<group>"; };
		203C295EF5D568151B5D1BEF /* EditGoalView.swift */ = {isa = PBXFileReference; includeInIndex = 1; lastKnownFileType = sourcecode.swift; path = EditGoalView.swift; sourceTree = "<group>"; };
		2757E95543939CACDB8D35DE /* Assets.xcassets */ = {isa = PBXFileReference; includeInIndex = 1; lastKnownFileType = folder.assetcatalog; path = Assets.xcassets; sourceTree = "<group>"; };
		5493D0D3C44442CCF82489CA /* Preview Assets.xcassets */ = {isa = PBXFileReference; includeInIndex = 1; lastKnownFileType = folder.assetcatalog; path = "Preview Assets.xcassets"; sourceTree = "<group>"; };
		5D2117400251372FC1E5F512 /* AIFitnessCoach.app */ = {isa = PBXFileReference; explicitFileType = wrapper.application; includeInIndex = 0; path = AIFitnessCoach.app; sourceTree = BUILT_PRODUCTS_DIR; };
		60758C181F9C986190D5A369 /* StravaAuthService.swift */ = {isa = PBXFileReference; includeInIndex = 1; lastKnownFileType = sourcecode.swift; path = StravaAuthService.swift; sourceTree = "<group>"; };
		67296E4EBEF49D03095F01B9 /* ChatViewModelTests.swift */ = {isa = PBXFileReference; includeInIndex = 1; lastKnownFileType = sourcecode.swift; path = ChatViewModelTests.swift; sourceTree = "<group>"; };
		6CAD188D90BEB0018EC65323 /* GenerativeModelProtocol.swift */ = {isa = PBXFileReference; includeInIndex = 1; lastKnownFileType = sourcecode.swift; path = GenerativeModelProtocol.swift; sourceTree = "<group>"; };
		6D6902F6A369E69FC0F8BC5C /* StravaTokenResponse.swift */ = {isa = PBXFileReference; includeInIndex = 1; lastKnownFileType = sourcecode.swift; path = StravaTokenResponse.swift; sourceTree = "<group>"; };
		70418E8B60B3D7CA1BC426AA /* MockTokenStore.swift */ = {isa = PBXFileReference; includeInIndex = 1; lastKnownFileType = sourcecode.swift; path = MockTokenStore.swift; sourceTree = "<group>"; };
		758A7ECDF66FE523D3217100 /* FitnessDataServiceTests.swift */ = {isa = PBXFileReference; includeInIndex = 1; lastKnownFileType = sourcecode.swift; path = FitnessDataServiceTests.swift; sourceTree = "<group>"; };
		769A9B604D9B0D66D5D394F9 /* FitnessGoal.swift */ = {isa = PBXFileReference; includeInIndex = 1; lastKnownFileType = sourcecode.swift; path = FitnessGoal.swift; sourceTree = "<group>"; };
		7FDDDD26172C97669936B5B8 /* FitnessGoalTests.swift */ = {isa = PBXFileReference; includeInIndex = 1; lastKnownFileType = sourcecode.swift; path = FitnessGoalTests.swift; sourceTree = "<group>"; };
		892FA4CC13985F26BA4BB4DE /* ChatViewModel.swift */ = {isa = PBXFileReference; includeInIndex = 1; lastKnownFileType = sourcecode.swift; path = ChatViewModel.swift; sourceTree = "<group>"; };
		984AC8DD2D26E4CA3247251E /* Secrets.swift */ = {isa = PBXFileReference; includeInIndex = 1; lastKnownFileType = sourcecode.swift; path = Secrets.swift; sourceTree = "<group>"; };
		A57D4E8A9B0C1D2E3F4A5B6C /* BlueprintTimelineView.swift */ = {isa = PBXFileReference; includeInIndex = 1; lastKnownFileType = sourcecode.swift; path = BlueprintTimelineView.swift; sourceTree = "<group>"; };
		AAA7D9A3478B658A833E11D1 /* NetworkSession.swift */ = {isa = PBXFileReference; includeInIndex = 1; lastKnownFileType = sourcecode.swift; path = NetworkSession.swift; sourceTree = "<group>"; };
		AF9454A3119F7BF71A5331E4 /* ChatMessage.swift */ = {isa = PBXFileReference; includeInIndex = 1; lastKnownFileType = sourcecode.swift; path = ChatMessage.swift; sourceTree = "<group>"; };
		AFC6614564EA2DCFCEB00BD7 /* StravaActivity.swift */ = {isa = PBXFileReference; includeInIndex = 1; lastKnownFileType = sourcecode.swift; path = StravaActivity.swift; sourceTree = "<group>"; };
		B23C4D5E6F7A8B9C0D1E2F3A /* GapAnalysisCardView.swift */ = {isa = PBXFileReference; includeInIndex = 1; lastKnownFileType = sourcecode.swift; path = GapAnalysisCardView.swift; sourceTree = "<group>"; };
		B2C3D4E5F6A7B8C9D0E1F2A3 /* ReadinessCalculatorTests.swift */ = {isa = PBXFileReference; includeInIndex = 1; lastKnownFileType = sourcecode.swift; path = ReadinessCalculatorTests.swift; sourceTree = "<group>"; };
		B81B710B2F8D65A80062BC61 /* UITestMockEnvironment.swift */ = {isa = PBXFileReference; lastKnownFileType = sourcecode.swift; path = UITestMockEnvironment.swift; sourceTree = "<group>"; };
		B852004D2F719C9900F5B5E9 /* AIFitnessCoachUITests.xctest */ = {isa = PBXFileReference; explicitFileType = wrapper.cfbundle; includeInIndex = 0; path = AIFitnessCoachUITests.xctest; sourceTree = BUILT_PRODUCTS_DIR; };
		B88E085E2F6B22120063C085 /* AIFitnessCoach.entitlements */ = {isa = PBXFileReference; lastKnownFileType = text.plist.entitlements; path = AIFitnessCoach.entitlements; sourceTree = "<group>"; };
		BAA944C2BAFC81F1B435A02A /* SettingsViewTests.swift */ = {isa = PBXFileReference; includeInIndex = 1; lastKnownFileType = sourcecode.swift; path = SettingsViewTests.swift; sourceTree = "<group>"; };
		BB22CC33DD44EE55FF6677AA /* NutritionServiceTests.swift */ = {isa = PBXFileReference; includeInIndex = 1; lastKnownFileType = sourcecode.swift; path = NutritionServiceTests.swift; sourceTree = "<group>"; };
		DD44EE55FF6677AA88990011 /* ProgressServiceTests.swift */ = {isa = PBXFileReference; includeInIndex = 1; lastKnownFileType = sourcecode.swift; path = ProgressServiceTests.swift; sourceTree = "<group>"; };
		FF6677AA88990011223344EE /* FutureProjectionServiceTests.swift */ = {isa = PBXFileReference; includeInIndex = 1; lastKnownFileType = sourcecode.swift; path = FutureProjectionServiceTests.swift; sourceTree = "<group>"; };
		BB37CC48DD59EE60FF71AA26 /* UITestMockEnvironment.swift */ = {isa = PBXFileReference; includeInIndex = 1; lastKnownFileType = sourcecode.swift; path = UITestMockEnvironment.swift; sourceTree = "<group>"; };
		BDF699C6B7148ACD66E857D7 /* AddGoalView.swift */ = {isa = PBXFileReference; includeInIndex = 1; lastKnownFileType = sourcecode.swift; path = AddGoalView.swift; sourceTree = "<group>"; };
		C120D3DB6FF46AC1602E9958 /* UIImage+Extensions.swift */ = {isa = PBXFileReference; includeInIndex = 1; lastKnownFileType = sourcecode.swift; path = "UIImage+Extensions.swift"; sourceTree = "<group>"; };
		C1C2BF572AF13DE2A83E51CF /* StravaAuthServiceTests.swift */ = {isa = PBXFileReference; includeInIndex = 1; lastKnownFileType = sourcecode.swift; path = StravaAuthServiceTests.swift; sourceTree = "<group>"; };
		C2D3E4F5A6B7C8D9E0F1A2B3 /* WeatherManager.swift */ = {isa = PBXFileReference; includeInIndex = 1; lastKnownFileType = sourcecode.swift; path = WeatherManager.swift; sourceTree = "<group>"; };
		C3726EB408B0388208539E77 /* AIFitnessCoachApp.swift */ = {isa = PBXFileReference; includeInIndex = 1; lastKnownFileType = sourcecode.swift; path = AIFitnessCoachApp.swift; sourceTree = "<group>"; };
		CA3664CEA7FBF8A7E8B2D822 /* MockGenerativeModel.swift */ = {isa = PBXFileReference; includeInIndex = 1; lastKnownFileType = sourcecode.swift; path = MockGenerativeModel.swift; sourceTree = "<group>"; };
		CE4D1D9B3991F419262E294E /* SettingsView.swift */ = {isa = PBXFileReference; includeInIndex = 1; lastKnownFileType = sourcecode.swift; path = SettingsView.swift; sourceTree = "<group>"; };
		D4E5F6A7B8C9D0E1F2A3B4C5 /* TrainingPhaseTests.swift */ = {isa = PBXFileReference; includeInIndex = 1; lastKnownFileType = sourcecode.swift; path = TrainingPhaseTests.swift; sourceTree = "<group>"; };
		D92F0B029D6902862CF50631 /* GoalsListView.swift */ = {isa = PBXFileReference; includeInIndex = 1; lastKnownFileType = sourcecode.swift; path = GoalsListView.swift; sourceTree = "<group>"; };
		DA86D03EE20341A8CB8173EE /* ChatView.swift */ = {isa = PBXFileReference; includeInIndex = 1; lastKnownFileType = sourcecode.swift; path = ChatView.swift; sourceTree = "<group>"; };
		DD88EE22FF4433AA66BB9955 /* OnboardingView.swift */ = {isa = PBXFileReference; includeInIndex = 1; lastKnownFileType = sourcecode.swift; path = OnboardingView.swift; sourceTree = "<group>"; };
		E9F8A5ED17924E05931B9476 /* FitnessDataError.swift */ = {isa = PBXFileReference; includeInIndex = 1; lastKnownFileType = sourcecode.swift; path = FitnessDataError.swift; sourceTree = "<group>"; };
		EDA9519ECAE22F903D67C756 /* TokenStore.swift */ = {isa = PBXFileReference; includeInIndex = 1; lastKnownFileType = sourcecode.swift; path = TokenStore.swift; sourceTree = "<group>"; };
		F24B2C5D6E7F8A9B0C1D2E4A /* UserProfileService.swift */ = {isa = PBXFileReference; includeInIndex = 1; lastKnownFileType = sourcecode.swift; path = UserProfileService.swift; sourceTree = "<group>"; };
		F34B2C5D6E7F8A9B0C1D2E3F /* ProgressService.swift */ = {isa = PBXFileReference; includeInIndex = 1; lastKnownFileType = sourcecode.swift; path = ProgressService.swift; sourceTree = "<group>"; };
		F35C3D6E7F8A9B0C1D2E3F5B /* NutritionService.swift */ = {isa = PBXFileReference; includeInIndex = 1; lastKnownFileType = sourcecode.swift; path = NutritionService.swift; sourceTree = "<group>"; };
		F46C4D7E8F9A0B1C2D3E4F5A /* FutureProjectionService.swift */ = {isa = PBXFileReference; includeInIndex = 1; lastKnownFileType = sourcecode.swift; path = FutureProjectionService.swift; sourceTree = "<group>"; };
		F6A7B8C9D0E1F2A3B4C5D6E7 /* BlueprintCheckerTests.swift */ = {isa = PBXFileReference; includeInIndex = 1; lastKnownFileType = sourcecode.swift; path = BlueprintCheckerTests.swift; sourceTree = "<group>"; };
		F6DDC1DD36DFE9FDBEB93ED1 /* Info.plist */ = {isa = PBXFileReference; includeInIndex = 1; lastKnownFileType = text.plist.xml; path = Info.plist; sourceTree = "<group>"; };
		F752392D9C6DF10FBC9F0A95 /* FitnessDataService.swift */ = {isa = PBXFileReference; includeInIndex = 1; lastKnownFileType = sourcecode.swift; path = FitnessDataService.swift; sourceTree = "<group>"; };
		F8E9D0C1B2A3F4E5D6C7B8A9 /* ProactiveNotificationService.swift */ = {isa = PBXFileReference; includeInIndex = 1; lastKnownFileType = sourcecode.swift; path = ProactiveNotificationService.swift; sourceTree = "<group>"; };
		FAE95B5B0D96FB302BFE3145 /* ContentView.swift */ = {isa = PBXFileReference; includeInIndex = 1; lastKnownFileType = sourcecode.swift; path = ContentView.swift; sourceTree = "<group>"; };
		H8I9J0K1L2M3N4O5P6Q7R8S9 /* PeriodizationEngineTests.swift */ = {isa = PBXFileReference; includeInIndex = 1; lastKnownFileType = sourcecode.swift; path = PeriodizationEngineTests.swift; sourceTree = "<group>"; };
/* End PBXFileReference section */

/* Begin PBXFileSystemSynchronizedRootGroup section */
		B852004E2F719C9900F5B5E9 /* AIFitnessCoachUITests */ = {isa = PBXFileSystemSynchronizedRootGroup; explicitFileTypes = {}; explicitFolders = (); path = AIFitnessCoachUITests; sourceTree = "<group>"; };
/* End PBXFileSystemSynchronizedRootGroup section */

/* Begin PBXFrameworksBuildPhase section */
		3803524B3B365B7852EDF795 /* Frameworks */ = {
			isa = PBXFrameworksBuildPhase;
			buildActionMask = 2147483647;
			files = (
				E6E8BD3E3A715A18D4957878 /* Foundation.framework in Frameworks */,
				626955C541119438634E5B32 /* GoogleGenerativeAI in Frameworks */,
			);
			runOnlyForDeploymentPostprocessing = 0;
		};
		87905A80002A3330A5AA6194 /* Frameworks */ = {
			isa = PBXFrameworksBuildPhase;
			buildActionMask = 2147483647;
			files = (
				D9D6946898CF838A86E276DC /* Foundation.framework in Frameworks */,
				73F9568829F48D139CC06AB6 /* GoogleGenerativeAI in Frameworks */,
			);
			runOnlyForDeploymentPostprocessing = 0;
		};
		B852004A2F719C9900F5B5E9 /* Frameworks */ = {
			isa = PBXFrameworksBuildPhase;
			buildActionMask = 2147483647;
			files = (
			);
			runOnlyForDeploymentPostprocessing = 0;
		};
/* End PBXFrameworksBuildPhase section */

/* Begin PBXGroup section */
		12C5691C1D9812D6840FF85F /* Products */ = {
			isa = PBXGroup;
			children = (
				5D2117400251372FC1E5F512 /* AIFitnessCoach.app */,
				07262F9AE3513E421E9B387F /* AIFitnessCoachTests.xctest */,
				B852004D2F719C9900F5B5E9 /* AIFitnessCoachUITests.xctest */,
			);
			name = Products;
			sourceTree = "<group>";
		};
		1EE573857F2D428ED6D60DD8 /* Preview Content */ = {
			isa = PBXGroup;
			children = (
				5493D0D3C44442CCF82489CA /* Preview Assets.xcassets */,
			);
			path = "Preview Content";
			sourceTree = "<group>";
		};
		3284AD7A217FFDEA98470CDC /* AIFitnessCoachTests */ = {
			isa = PBXGroup;
			children = (
				CA3664CEA7FBF8A7E8B2D822 /* MockGenerativeModel.swift */,
				67296E4EBEF49D03095F01B9 /* ChatViewModelTests.swift */,
				C1C2BF572AF13DE2A83E51CF /* StravaAuthServiceTests.swift */,
				70418E8B60B3D7CA1BC426AA /* MockTokenStore.swift */,
				758A7ECDF66FE523D3217100 /* FitnessDataServiceTests.swift */,
				FD41D2D02372B05947DC9CBC /* Mocks */,
				BAA944C2BAFC81F1B435A02A /* SettingsViewTests.swift */,
				7FDDDD26172C97669936B5B8 /* FitnessGoalTests.swift */,
				B2C3D4E5F6A7B8C9D0E1F2A3 /* ReadinessCalculatorTests.swift */,
				D4E5F6A7B8C9D0E1F2A3B4C5 /* TrainingPhaseTests.swift */,
				F6A7B8C9D0E1F2A3B4C5D6E7 /* BlueprintCheckerTests.swift */,
				H8I9J0K1L2M3N4O5P6Q7R8S9 /* PeriodizationEngineTests.swift */,
				BB22CC33DD44EE55FF6677AA /* NutritionServiceTests.swift */,
				DD44EE55FF6677AA88990011 /* ProgressServiceTests.swift */,
				FF6677AA88990011223344EE /* FutureProjectionServiceTests.swift */,
			);
			path = AIFitnessCoachTests;
			sourceTree = "<group>";
		};
		3F47EC011AA93DCD0C90483E /* Views */ = {
			isa = PBXGroup;
			children = (
				DA86D03EE20341A8CB8173EE /* ChatView.swift */,
				BDF699C6B7148ACD66E857D7 /* AddGoalView.swift */,
				203C295EF5D568151B5D1BEF /* EditGoalView.swift */,
				CE4D1D9B3991F419262E294E /* SettingsView.swift */,
				DD88EE22FF4433AA66BB9955 /* OnboardingView.swift */,
				D92F0B029D6902862CF50631 /* GoalsListView.swift */,
				B23C4D5E6F7A8B9C0D1E2F3A /* GapAnalysisCardView.swift */,
				A57D4E8A9B0C1D2E3F4A5B6C /* BlueprintTimelineView.swift */,
			);
			path = Views;
			sourceTree = "<group>";
		};
		413E677FAE0B37E364E902DA /* Services */ = {
			isa = PBXGroup;
			children = (
				B81B710B2F8D65A80062BC61 /* UITestMockEnvironment.swift */,
				136CF190D3B3F2D63ADC3225 /* KeychainService.swift */,
				EDA9519ECAE22F903D67C756 /* TokenStore.swift */,
				60758C181F9C986190D5A369 /* StravaAuthService.swift */,
				F752392D9C6DF10FBC9F0A95 /* FitnessDataService.swift */,
				F8E9D0C1B2A3F4E5D6C7B8A9 /* ProactiveNotificationService.swift */,
				F34B2C5D6E7F8A9B0C1D2E3F /* ProgressService.swift */,
				F24B2C5D6E7F8A9B0C1D2E4A /* UserProfileService.swift */,
				F35C3D6E7F8A9B0C1D2E3F5B /* NutritionService.swift */,
				F46C4D7E8F9A0B1C2D3E4F5A /* FutureProjectionService.swift */,
				C2D3E4F5A6B7C8D9E0F1A2B3 /* WeatherManager.swift */,
				AAA7D9A3478B658A833E11D1 /* NetworkSession.swift */,
			);
			path = Services;
			sourceTree = "<group>";
		};
		48F580DFE59DCB4027FB3AEC /* ViewModels */ = {
			isa = PBXGroup;
			children = (
				892FA4CC13985F26BA4BB4DE /* ChatViewModel.swift */,
				6CAD188D90BEB0018EC65323 /* GenerativeModelProtocol.swift */,
			);
			path = ViewModels;
			sourceTree = "<group>";
		};
		4F7D89EBC189B89F3F8A2186 /* Frameworks */ = {
			isa = PBXGroup;
			children = (
				DF6F8E381B2AE1ACE283A651 /* iOS */,
			);
			name = Frameworks;
			sourceTree = "<group>";
		};
		5E2E25462E75CD2AA9086296 = {
			isa = PBXGroup;
			children = (
				B852004E2F719C9900F5B5E9 /* AIFitnessCoachUITests */,
				12C5691C1D9812D6840FF85F /* Products */,
				4F7D89EBC189B89F3F8A2186 /* Frameworks */,
				FA2A2794C32C5CAB743605CF /* AIFitnessCoach */,
				3284AD7A217FFDEA98470CDC /* AIFitnessCoachTests */,
			);
			sourceTree = "<group>";
		};
		619A62432EF1F8A75BC8221B /* Extensions */ = {
			isa = PBXGroup;
			children = (
				C120D3DB6FF46AC1602E9958 /* UIImage+Extensions.swift */,
			);
			path = Extensions;
			sourceTree = "<group>";
		};
		690140878BF54A85F2CF5005 /* Models */ = {
			isa = PBXGroup;
			children = (
				AF9454A3119F7BF71A5331E4 /* ChatMessage.swift */,
				769A9B604D9B0D66D5D394F9 /* FitnessGoal.swift */,
				6D6902F6A369E69FC0F8BC5C /* StravaTokenResponse.swift */,
				AFC6614564EA2DCFCEB00BD7 /* StravaActivity.swift */,
				E9F8A5ED17924E05931B9476 /* FitnessDataError.swift */,
			);
			path = Models;
			sourceTree = "<group>";
		};
		DF6F8E381B2AE1ACE283A651 /* iOS */ = {
			isa = PBXGroup;
			children = (
				0B16CF484B776C9214345E29 /* Foundation.framework */,
			);
			name = iOS;
			sourceTree = "<group>";
		};
		FA2A2794C32C5CAB743605CF /* AIFitnessCoach */ = {
			isa = PBXGroup;
			children = (
				B88E085E2F6B22120063C085 /* AIFitnessCoach.entitlements */,
				C3726EB408B0388208539E77 /* AIFitnessCoachApp.swift */,
				FAE95B5B0D96FB302BFE3145 /* ContentView.swift */,
				1EE573857F2D428ED6D60DD8 /* Preview Content */,
				690140878BF54A85F2CF5005 /* Models */,
				3F47EC011AA93DCD0C90483E /* Views */,
				48F580DFE59DCB4027FB3AEC /* ViewModels */,
				2757E95543939CACDB8D35DE /* Assets.xcassets */,
				984AC8DD2D26E4CA3247251E /* Secrets.swift */,
				619A62432EF1F8A75BC8221B /* Extensions */,
				F6DDC1DD36DFE9FDBEB93ED1 /* Info.plist */,
				0D235CA77C73BA3BBA685143 /* Secrets-template.swift */,
				413E677FAE0B37E364E902DA /* Services */,
			);
			path = AIFitnessCoach;
			sourceTree = "<group>";
		};
		FD41D2D02372B05947DC9CBC /* Mocks */ = {
			isa = PBXGroup;
			children = (
				0DE3DDF83AB44095AF4FA0CE /* MockNetworkSession.swift */,
			);
			path = Mocks;
			sourceTree = "<group>";
		};
/* End PBXGroup section */

/* Begin PBXNativeTarget section */
		4419CD2F42E5A79D3ED51D11 /* AIFitnessCoach */ = {
			isa = PBXNativeTarget;
			buildConfigurationList = AADAD2565323DC2B6B8E34E6 /* Build configuration list for PBXNativeTarget "AIFitnessCoach" */;
			buildPhases = (
				709919633E59C4C7D899C1BE /* Sources */,
				3803524B3B365B7852EDF795 /* Frameworks */,
				9B4785CC2B365ADA70A27168 /* Resources */,
			);
			buildRules = (
			);
			dependencies = (
			);
			name = AIFitnessCoach;
			packageProductDependencies = (
				1DFC6E046AA02E4CF8689D9C /* GoogleGenerativeAI */,
			);
			productName = AIFitnessCoach;
			productReference = 5D2117400251372FC1E5F512 /* AIFitnessCoach.app */;
			productType = "com.apple.product-type.application";
		};
		B852004C2F719C9900F5B5E9 /* AIFitnessCoachUITests */ = {
			isa = PBXNativeTarget;
			buildConfigurationList = B85200552F719C9900F5B5E9 /* Build configuration list for PBXNativeTarget "AIFitnessCoachUITests" */;
			buildPhases = (
				B85200492F719C9900F5B5E9 /* Sources */,
				B852004A2F719C9900F5B5E9 /* Frameworks */,
				B852004B2F719C9900F5B5E9 /* Resources */,
			);
			buildRules = (
			);
			dependencies = (
				B85200542F719C9900F5B5E9 /* PBXTargetDependency */,
			);
			fileSystemSynchronizedGroups = (
				B852004E2F719C9900F5B5E9 /* AIFitnessCoachUITests */,
			);
			name = AIFitnessCoachUITests;
			packageProductDependencies = (
			);
			productName = AIFitnessCoachUITests;
			productReference = B852004D2F719C9900F5B5E9 /* AIFitnessCoachUITests.xctest */;
			productType = "com.apple.product-type.bundle.ui-testing";
		};
		F32768720C1B6E0AEEABA687 /* AIFitnessCoachTests */ = {
			isa = PBXNativeTarget;
			buildConfigurationList = BA088C425FCEA5EB071395F0 /* Build configuration list for PBXNativeTarget "AIFitnessCoachTests" */;
			buildPhases = (
				23AC3A63DC913FA2204C79CC /* Sources */,
				87905A80002A3330A5AA6194 /* Frameworks */,
				7D373F086BADC423C7C7F76E /* Resources */,
			);
			buildRules = (
			);
			dependencies = (
				952797EF458198DCB3E9FA5A /* PBXTargetDependency */,
			);
			name = AIFitnessCoachTests;
			packageProductDependencies = (
				DDF501EC97778A185B48B142 /* GoogleGenerativeAI */,
			);
			productName = AIFitnessCoachTests;
			productReference = 07262F9AE3513E421E9B387F /* AIFitnessCoachTests.xctest */;
			productType = "com.apple.product-type.bundle.unit-test";
		};
/* End PBXNativeTarget section */

/* Begin PBXProject section */
		E842B198C5FE9662C7F3830B /* Project object */ = {
			isa = PBXProject;
			attributes = {
				LastSwiftUpdateCheck = 2630;
				LastUpgradeCheck = 1600;
				TargetAttributes = {
					B852004C2F719C9900F5B5E9 = {
						CreatedOnToolsVersion = 26.3;
						TestTargetID = 4419CD2F42E5A79D3ED51D11;
					};
				};
			};
			buildConfigurationList = 3D8044172842D523C9300F13 /* Build configuration list for PBXProject "AIFitnessCoach" */;
			compatibilityVersion = "Xcode 3.2";
			developmentRegion = en;
			hasScannedForEncodings = 0;
			knownRegions = (
				en,
				Base,
			);
			mainGroup = 5E2E25462E75CD2AA9086296;
			packageReferences = (
				0F29A922938A67769695405C /* XCRemoteSwiftPackageReference "generative-ai-swift" */,
			);
			productRefGroup = 12C5691C1D9812D6840FF85F /* Products */;
			projectDirPath = "";
			projectRoot = "";
			targets = (
				4419CD2F42E5A79D3ED51D11 /* AIFitnessCoach */,
				F32768720C1B6E0AEEABA687 /* AIFitnessCoachTests */,
				B852004C2F719C9900F5B5E9 /* AIFitnessCoachUITests */,
			);
		};
/* End PBXProject section */

/* Begin PBXResourcesBuildPhase section */
		7D373F086BADC423C7C7F76E /* Resources */ = {
			isa = PBXResourcesBuildPhase;
			buildActionMask = 2147483647;
			files = (
			);
			runOnlyForDeploymentPostprocessing = 0;
		};
		9B4785CC2B365ADA70A27168 /* Resources */ = {
			isa = PBXResourcesBuildPhase;
			buildActionMask = 2147483647;
			files = (
				EDF73C6C2B12F9FC2BDB6140 /* Preview Assets.xcassets in Resources */,
				E37298633D0B4EB1FD27458D /* Assets.xcassets in Resources */,
			);
			runOnlyForDeploymentPostprocessing = 0;
		};
		B852004B2F719C9900F5B5E9 /* Resources */ = {
			isa = PBXResourcesBuildPhase;
			buildActionMask = 2147483647;
			files = (
			);
			runOnlyForDeploymentPostprocessing = 0;
		};
/* End PBXResourcesBuildPhase section */

/* Begin PBXSourcesBuildPhase section */
		23AC3A63DC913FA2204C79CC /* Sources */ = {
			isa = PBXSourcesBuildPhase;
			buildActionMask = 2147483647;
			files = (
				5DBFDEDC67859D1105BB9DE5 /* MockGenerativeModel.swift in Sources */,
				CC54A4B0A24ABC7666AB3222 /* ChatViewModelTests.swift in Sources */,
				F00D4D082A5D0B980C536185 /* StravaAuthServiceTests.swift in Sources */,
				9673922FF2B9CCC9D666596F /* MockTokenStore.swift in Sources */,
				0ED375BF4E3F9C2FB4E3A5F9 /* FitnessDataServiceTests.swift in Sources */,
				FA26082FD3260BAC05A7AAEB /* MockNetworkSession.swift in Sources */,
				34B36AEEDAF09C2EA9BC6241 /* SettingsViewTests.swift in Sources */,
				89B083BDD5A2948D191971E5 /* FitnessGoalTests.swift in Sources */,
				A1B2C3D4E5F6A7B8C9D0E1F2 /* ReadinessCalculatorTests.swift in Sources */,
				C3D4E5F6A7B8C9D0E1F2A3B4 /* TrainingPhaseTests.swift in Sources */,
				E5F6A7B8C9D0E1F2A3B4C5D6 /* BlueprintCheckerTests.swift in Sources */,
				G7H8I9J0K1L2M3N4O5P6Q7R8 /* PeriodizationEngineTests.swift in Sources */,
				AA11BB22CC33DD44EE55FF66 /* NutritionServiceTests.swift in Sources */,
				CC33DD44EE55FF6677AA8899 /* ProgressServiceTests.swift in Sources */,
				EE55FF6677AA889900112233 /* FutureProjectionServiceTests.swift in Sources */,
			);
			runOnlyForDeploymentPostprocessing = 0;
		};
		709919633E59C4C7D899C1BE /* Sources */ = {
			isa = PBXSourcesBuildPhase;
			buildActionMask = 2147483647;
			files = (
				543CBE0027B161C9AFDE3824 /* AIFitnessCoachApp.swift in Sources */,
				E767E8F495D10156A93BCC15 /* ContentView.swift in Sources */,
				E541659C316B9F8EBCCD6AA3 /* ChatMessage.swift in Sources */,
				D8A5CC6C6399BF876493D66B /* ChatView.swift in Sources */,
				DEBB8672AFBDB80CA6D79AA6 /* ChatViewModel.swift in Sources */,
				75D1A92071CFBE1BA9750D59 /* Secrets.swift in Sources */,
				5207FD409349CA11ECD20774 /* GenerativeModelProtocol.swift in Sources */,
				7F8F58135FA6D8F7628C8581 /* UIImage+Extensions.swift in Sources */,
				A3BB100A32BF93E6C7587F72 /* FitnessGoal.swift in Sources */,
				7C2EEDEF6E1CCAB9FE856BED /* StravaTokenResponse.swift in Sources */,
				9E9427B7C484EE11E612C120 /* StravaActivity.swift in Sources */,
				B49CB5209082C67DC40F4FA5 /* FitnessDataError.swift in Sources */,
				200EA372CBBCA4A6A0021BAF /* AddGoalView.swift in Sources */,
				E632BCD343E9A620341BD347 /* EditGoalView.swift in Sources */,
				531DF0798000FFC0CACC940E /* SettingsView.swift in Sources */,
				CC77FF11AA3322BB55DD8844 /* OnboardingView.swift in Sources */,
				6D21D46EBFDA3ABDB67ECDBF /* GoalsListView.swift in Sources */,
				A12B3C4D5E6F7A8B9C0D1E2F /* GapAnalysisCardView.swift in Sources */,
				F57D4E8A9B0C1D2E3F4A5B6C /* BlueprintTimelineView.swift in Sources */,
				48E3320BE9BDAC79B8060EEE /* KeychainService.swift in Sources */,
				DB076B94561F03C4EB2D8C5E /* TokenStore.swift in Sources */,
				06C5198C4908FF10CCF1E836 /* StravaAuthService.swift in Sources */,
				26CFC95E9F1D535817250215 /* FitnessDataService.swift in Sources */,
				A9B8C7D6E5F4A3B2C1D0E9F8 /* ProactiveNotificationService.swift in Sources */,
				E23A1B4C5D6E7F8A9B0C1D2E /* ProgressService.swift in Sources */,
				E24A1B4C5D6E7F8A9B0C1D2F /* UserProfileService.swift in Sources */,
				B81B710C2F8D65A80062BC61 /* UITestMockEnvironment.swift in Sources */,
				E35A2B5C6D7E8F9A0B1C2D3E /* NutritionService.swift in Sources */,
				E46B3C6D7E8F9A0B1C2D3E4F /* FutureProjectionService.swift in Sources */,
				B1C2D3E4F5A6B7C8D9E0F1A2 /* WeatherManager.swift in Sources */,
				13CD8B16330404CA41A93BDE /* NetworkSession.swift in Sources */,
			);
			runOnlyForDeploymentPostprocessing = 0;
		};
		B85200492F719C9900F5B5E9 /* Sources */ = {
			isa = PBXSourcesBuildPhase;
			buildActionMask = 2147483647;
			files = (
			);
			runOnlyForDeploymentPostprocessing = 0;
		};
/* End PBXSourcesBuildPhase section */

/* Begin PBXTargetDependency section */
		952797EF458198DCB3E9FA5A /* PBXTargetDependency */ = {
			isa = PBXTargetDependency;
			target = 4419CD2F42E5A79D3ED51D11 /* AIFitnessCoach */;
			targetProxy = FCCABB94B50D1540C1C0093A /* PBXContainerItemProxy */;
		};
		B85200542F719C9900F5B5E9 /* PBXTargetDependency */ = {
			isa = PBXTargetDependency;
			target = 4419CD2F42E5A79D3ED51D11 /* AIFitnessCoach */;
			targetProxy = B85200532F719C9900F5B5E9 /* PBXContainerItemProxy */;
		};
/* End PBXTargetDependency section */

/* Begin XCBuildConfiguration section */
		10B075C10C936E3CBCF43925 /* Release */ = {
			isa = XCBuildConfiguration;
			buildSettings = {
				ALWAYS_SEARCH_USER_PATHS = NO;
				CLANG_ANALYZER_NONNULL = YES;
				CLANG_ANALYZER_NUMBER_OBJECT_CONVERSION = YES_AGGRESSIVE;
				CLANG_CXX_LANGUAGE_STANDARD = "gnu++14";
				CLANG_CXX_LIBRARY = "libc++";
				CLANG_ENABLE_MODULES = YES;
				CLANG_ENABLE_OBJC_ARC = YES;
				CLANG_ENABLE_OBJC_WEAK = YES;
				CLANG_WARN_BLOCK_CAPTURE_AUTORELEASING = YES;
				CLANG_WARN_BOOL_CONVERSION = YES;
				CLANG_WARN_COMMA = YES;
				CLANG_WARN_CONSTANT_CONVERSION = YES;
				CLANG_WARN_DEPRECATED_OBJC_IMPLEMENTATIONS = YES;
				CLANG_WARN_DIRECT_OBJC_ISA_USAGE = YES_ERROR;
				CLANG_WARN_DOCUMENTATION_COMMENTS = YES;
				CLANG_WARN_EMPTY_BODY = YES;
				CLANG_WARN_ENUM_CONVERSION = YES;
				CLANG_WARN_INFINITE_RECURSION = YES;
				CLANG_WARN_INT_CONVERSION = YES;
				CLANG_WARN_NON_LITERAL_NULL_CONVERSION = YES;
				CLANG_WARN_OBJC_IMPLICIT_RETAIN_SELF = YES;
				CLANG_WARN_OBJC_LITERAL_CONVERSION = YES;
				CLANG_WARN_OBJC_ROOT_CLASS = YES_ERROR;
				CLANG_WARN_QUOTED_INCLUDE_IN_FRAMEWORK_HEADER = YES;
				CLANG_WARN_RANGE_LOOP_ANALYSIS = YES;
				CLANG_WARN_STRICT_PROTOTYPES = YES;
				CLANG_WARN_SUSPICIOUS_MOVE = YES;
				CLANG_WARN_UNGUARDED_AVAILABILITY = YES_AGGRESSIVE;
				CLANG_WARN_UNREACHABLE_CODE = YES;
				CLANG_WARN__DUPLICATE_METHOD_MATCH = YES;
				COPY_PHASE_STRIP = NO;
				DEBUG_INFORMATION_FORMAT = "dwarf-with-dsym";
				ENABLE_NS_ASSERTIONS = NO;
				ENABLE_STRICT_OBJC_MSGSEND = YES;
				GCC_C_LANGUAGE_STANDARD = gnu11;
				GCC_NO_COMMON_BLOCKS = YES;
				GCC_WARN_64_TO_32_BIT_CONVERSION = YES;
				GCC_WARN_ABOUT_RETURN_TYPE = YES_ERROR;
				GCC_WARN_UNDECLARED_SELECTOR = YES;
				GCC_WARN_UNINITIALIZED_AUTOS = YES_AGGRESSIVE;
				GCC_WARN_UNUSED_FUNCTION = YES;
				GCC_WARN_UNUSED_VARIABLE = YES;
				IPHONEOS_DEPLOYMENT_TARGET = 18.0;
				MTL_ENABLE_DEBUG_INFO = NO;
				MTL_FAST_MATH = YES;
				PRODUCT_NAME = "$(TARGET_NAME)";
				SWIFT_COMPILATION_MODE = wholemodule;
				SWIFT_OPTIMIZATION_LEVEL = "-O";
				SWIFT_VERSION = 5.0;
			};
			name = Release;
		};
		3859AB0E3EC495E940A1F111 /* Release */ = {
			isa = XCBuildConfiguration;
			buildSettings = {
				ASSETCATALOG_COMPILER_APPICON_NAME = AppIcon;
				ASSETCATALOG_COMPILER_GLOBAL_ACCENT_COLOR_NAME = AccentColor;
				CLANG_ENABLE_OBJC_WEAK = NO;
				CODE_SIGN_ENTITLEMENTS = AIFitnessCoach/AIFitnessCoach.entitlements;
				DEVELOPMENT_ASSET_PATHS = "\"AIFitnessCoach/Preview Content\"";
				DEVELOPMENT_TEAM = PAGW5XDHAS;
				ENABLE_PREVIEWS = YES;
				GENERATE_INFOPLIST_FILE = NO;
				INFOPLIST_FILE = AIFitnessCoach/Info.plist;
				INFOPLIST_KEY_CFBundleDisplayName = VibeCoach;
				INFOPLIST_KEY_LSApplicationCategoryType = "public.app-category.healthcare-fitness";
				INFOPLIST_KEY_UIApplicationSceneManifest_Generation = YES;
				INFOPLIST_KEY_UIApplicationSupportsIndirectInputEvents = YES;
				INFOPLIST_KEY_UILaunchScreen_Generation = YES;
				INFOPLIST_KEY_UISupportedInterfaceOrientations_iPhone = UIInterfaceOrientationPortrait;
				IPHONEOS_DEPLOYMENT_TARGET = 18.0;
				LD_RUNPATH_SEARCH_PATHS = (
					"$(inherited)",
					"@executable_path/Frameworks",
				);
				PRODUCT_BUNDLE_IDENTIFIER = com.markclausing.aifitnesscoach;
				SDKROOT = iphoneos;
				SWIFT_VERSION = 5.0;
				TARGETED_DEVICE_FAMILY = "1,2";
				VALIDATE_PRODUCT = YES;
			};
			name = Release;
		};
		4F0FF7AF43A0F5B5566990B3 /* Debug */ = {
			isa = XCBuildConfiguration;
			buildSettings = {
				ALWAYS_SEARCH_USER_PATHS = NO;
				CLANG_ANALYZER_NONNULL = YES;
				CLANG_ANALYZER_NUMBER_OBJECT_CONVERSION = YES_AGGRESSIVE;
				CLANG_CXX_LANGUAGE_STANDARD = "gnu++14";
				CLANG_CXX_LIBRARY = "libc++";
				CLANG_ENABLE_MODULES = YES;
				CLANG_ENABLE_OBJC_ARC = YES;
				CLANG_ENABLE_OBJC_WEAK = YES;
				CLANG_WARN_BLOCK_CAPTURE_AUTORELEASING = YES;
				CLANG_WARN_BOOL_CONVERSION = YES;
				CLANG_WARN_COMMA = YES;
				CLANG_WARN_CONSTANT_CONVERSION = YES;
				CLANG_WARN_DEPRECATED_OBJC_IMPLEMENTATIONS = YES;
				CLANG_WARN_DIRECT_OBJC_ISA_USAGE = YES_ERROR;
				CLANG_WARN_DOCUMENTATION_COMMENTS = YES;
				CLANG_WARN_EMPTY_BODY = YES;
				CLANG_WARN_ENUM_CONVERSION = YES;
				CLANG_WARN_INFINITE_RECURSION = YES;
				CLANG_WARN_INT_CONVERSION = YES;
				CLANG_WARN_NON_LITERAL_NULL_CONVERSION = YES;
				CLANG_WARN_OBJC_IMPLICIT_RETAIN_SELF = YES;
				CLANG_WARN_OBJC_LITERAL_CONVERSION = YES;
				CLANG_WARN_OBJC_ROOT_CLASS = YES_ERROR;
				CLANG_WARN_QUOTED_INCLUDE_IN_FRAMEWORK_HEADER = YES;
				CLANG_WARN_RANGE_LOOP_ANALYSIS = YES;
				CLANG_WARN_STRICT_PROTOTYPES = YES;
				CLANG_WARN_SUSPICIOUS_MOVE = YES;
				CLANG_WARN_UNGUARDED_AVAILABILITY = YES_AGGRESSIVE;
				CLANG_WARN_UNREACHABLE_CODE = YES;
				CLANG_WARN__DUPLICATE_METHOD_MATCH = YES;
				COPY_PHASE_STRIP = NO;
				DEBUG_INFORMATION_FORMAT = dwarf;
				ENABLE_STRICT_OBJC_MSGSEND = YES;
				ENABLE_TESTABILITY = YES;
				GCC_C_LANGUAGE_STANDARD = gnu11;
				GCC_DYNAMIC_NO_PIC = NO;
				GCC_NO_COMMON_BLOCKS = YES;
				GCC_OPTIMIZATION_LEVEL = 0;
				GCC_PREPROCESSOR_DEFINITIONS = (
					"DEBUG=1",
					"$(inherited)",
				);
				GCC_WARN_64_TO_32_BIT_CONVERSION = YES;
				GCC_WARN_ABOUT_RETURN_TYPE = YES_ERROR;
				GCC_WARN_UNDECLARED_SELECTOR = YES;
				GCC_WARN_UNINITIALIZED_AUTOS = YES_AGGRESSIVE;
				GCC_WARN_UNUSED_FUNCTION = YES;
				GCC_WARN_UNUSED_VARIABLE = YES;
				IPHONEOS_DEPLOYMENT_TARGET = 18.0;
				MTL_ENABLE_DEBUG_INFO = INCLUDE_SOURCE;
				MTL_FAST_MATH = YES;
				ONLY_ACTIVE_ARCH = YES;
				PRODUCT_NAME = "$(TARGET_NAME)";
				SWIFT_ACTIVE_COMPILATION_CONDITIONS = DEBUG;
				SWIFT_OPTIMIZATION_LEVEL = "-Onone";
				SWIFT_VERSION = 5.0;
			};
			name = Debug;
		};
		B0E9CBE601AD6D29AA0B223C /* Release */ = {
			isa = XCBuildConfiguration;
			buildSettings = {
				BUNDLE_LOADER = "$(TEST_HOST)";
				CLANG_ENABLE_OBJC_WEAK = NO;
				DEVELOPMENT_TEAM = PAGW5XDHAS;
				GENERATE_INFOPLIST_FILE = YES;
				INFOPLIST_KEY_CFBundleDisplayName = AIFitnessCoachTests;
				IPHONEOS_DEPLOYMENT_TARGET = 18.0;
				SDKROOT = iphoneos;
				TEST_HOST = "$(BUILT_PRODUCTS_DIR)/AIFitnessCoach.app/AIFitnessCoach";
				VALIDATE_PRODUCT = YES;
			};
			name = Release;
		};
		B85200562F719C9900F5B5E9 /* Debug */ = {
			isa = XCBuildConfiguration;
			buildSettings = {
				ASSETCATALOG_COMPILER_GENERATE_SWIFT_ASSET_SYMBOL_EXTENSIONS = YES;
				CLANG_CXX_LANGUAGE_STANDARD = "gnu++20";
				CODE_SIGN_STYLE = Automatic;
				CURRENT_PROJECT_VERSION = 1;
				DEVELOPMENT_TEAM = PAGW5XDHAS;
				ENABLE_USER_SCRIPT_SANDBOXING = YES;
				GCC_C_LANGUAGE_STANDARD = gnu17;
				GENERATE_INFOPLIST_FILE = YES;
				IPHONEOS_DEPLOYMENT_TARGET = 26.2;
				LOCALIZATION_PREFERS_STRING_CATALOGS = YES;
				MARKETING_VERSION = 1.0;
				PRODUCT_BUNDLE_IDENTIFIER = markclausing.AIFitnessCoachUITests;
				PRODUCT_NAME = "$(TARGET_NAME)";
				SDKROOT = iphoneos;
				STRING_CATALOG_GENERATE_SYMBOLS = NO;
				SWIFT_ACTIVE_COMPILATION_CONDITIONS = "DEBUG $(inherited)";
				SWIFT_APPROACHABLE_CONCURRENCY = YES;
				SWIFT_EMIT_LOC_STRINGS = NO;
				SWIFT_UPCOMING_FEATURE_MEMBER_IMPORT_VISIBILITY = YES;
				SWIFT_VERSION = 5.0;
				TARGETED_DEVICE_FAMILY = "1,2";
				TEST_TARGET_NAME = AIFitnessCoach;
			};
			name = Debug;
		};
		B85200572F719C9900F5B5E9 /* Release */ = {
			isa = XCBuildConfiguration;
			buildSettings = {
				ASSETCATALOG_COMPILER_GENERATE_SWIFT_ASSET_SYMBOL_EXTENSIONS = YES;
				CLANG_CXX_LANGUAGE_STANDARD = "gnu++20";
				CODE_SIGN_STYLE = Automatic;
				CURRENT_PROJECT_VERSION = 1;
				DEVELOPMENT_TEAM = PAGW5XDHAS;
				ENABLE_USER_SCRIPT_SANDBOXING = YES;
				GCC_C_LANGUAGE_STANDARD = gnu17;
				GENERATE_INFOPLIST_FILE = YES;
				IPHONEOS_DEPLOYMENT_TARGET = 26.2;
				LOCALIZATION_PREFERS_STRING_CATALOGS = YES;
				MARKETING_VERSION = 1.0;
				PRODUCT_BUNDLE_IDENTIFIER = markclausing.AIFitnessCoachUITests;
				PRODUCT_NAME = "$(TARGET_NAME)";
				SDKROOT = iphoneos;
				STRING_CATALOG_GENERATE_SYMBOLS = NO;
				SWIFT_APPROACHABLE_CONCURRENCY = YES;
				SWIFT_EMIT_LOC_STRINGS = NO;
				SWIFT_UPCOMING_FEATURE_MEMBER_IMPORT_VISIBILITY = YES;
				SWIFT_VERSION = 5.0;
				TARGETED_DEVICE_FAMILY = "1,2";
				TEST_TARGET_NAME = AIFitnessCoach;
				VALIDATE_PRODUCT = YES;
			};
			name = Release;
		};
		CAB82168194DF1FE243F5FC0 /* Debug */ = {
			isa = XCBuildConfiguration;
			buildSettings = {
				BUNDLE_LOADER = "$(TEST_HOST)";
				CLANG_ENABLE_OBJC_WEAK = NO;
				DEVELOPMENT_TEAM = PAGW5XDHAS;
				GENERATE_INFOPLIST_FILE = YES;
				INFOPLIST_KEY_CFBundleDisplayName = AIFitnessCoachTests;
				IPHONEOS_DEPLOYMENT_TARGET = 18.0;
				SDKROOT = iphoneos;
				TEST_HOST = "$(BUILT_PRODUCTS_DIR)/AIFitnessCoach.app/AIFitnessCoach";
			};
			name = Debug;
		};
		FD59EEF071F9491025EF52C0 /* Debug */ = {
			isa = XCBuildConfiguration;
			buildSettings = {
				ASSETCATALOG_COMPILER_APPICON_NAME = AppIcon;
				ASSETCATALOG_COMPILER_GLOBAL_ACCENT_COLOR_NAME = AccentColor;
				CLANG_ENABLE_OBJC_WEAK = NO;
				CODE_SIGN_ENTITLEMENTS = AIFitnessCoach/AIFitnessCoach.entitlements;
				DEVELOPMENT_ASSET_PATHS = "\"AIFitnessCoach/Preview Content\"";
				DEVELOPMENT_TEAM = PAGW5XDHAS;
				ENABLE_PREVIEWS = YES;
				GENERATE_INFOPLIST_FILE = NO;
				INFOPLIST_FILE = AIFitnessCoach/Info.plist;
				INFOPLIST_KEY_CFBundleDisplayName = VibeCoach;
				INFOPLIST_KEY_LSApplicationCategoryType = "public.app-category.healthcare-fitness";
				INFOPLIST_KEY_UIApplicationSceneManifest_Generation = YES;
				INFOPLIST_KEY_UIApplicationSupportsIndirectInputEvents = YES;
				INFOPLIST_KEY_UILaunchScreen_Generation = YES;
				INFOPLIST_KEY_UISupportedInterfaceOrientations_iPhone = UIInterfaceOrientationPortrait;
				IPHONEOS_DEPLOYMENT_TARGET = 18.0;
				LD_RUNPATH_SEARCH_PATHS = (
					"$(inherited)",
					"@executable_path/Frameworks",
				);
				PRODUCT_BUNDLE_IDENTIFIER = com.markclausing.aifitnesscoach;
				SDKROOT = iphoneos;
				SWIFT_VERSION = 5.0;
				TARGETED_DEVICE_FAMILY = "1,2";
			};
			name = Debug;
		};
/* End XCBuildConfiguration section */

/* Begin XCConfigurationList section */
		3D8044172842D523C9300F13 /* Build configuration list for PBXProject "AIFitnessCoach" */ = {
			isa = XCConfigurationList;
			buildConfigurations = (
				4F0FF7AF43A0F5B5566990B3 /* Debug */,
				10B075C10C936E3CBCF43925 /* Release */,
			);
			defaultConfigurationIsVisible = 0;
			defaultConfigurationName = Release;
		};
		AADAD2565323DC2B6B8E34E6 /* Build configuration list for PBXNativeTarget "AIFitnessCoach" */ = {
			isa = XCConfigurationList;
			buildConfigurations = (
				3859AB0E3EC495E940A1F111 /* Release */,
				FD59EEF071F9491025EF52C0 /* Debug */,
			);
			defaultConfigurationIsVisible = 0;
			defaultConfigurationName = Release;
		};
		B85200552F719C9900F5B5E9 /* Build configuration list for PBXNativeTarget "AIFitnessCoachUITests" */ = {
			isa = XCConfigurationList;
			buildConfigurations = (
				B85200562F719C9900F5B5E9 /* Debug */,
				B85200572F719C9900F5B5E9 /* Release */,
			);
			defaultConfigurationIsVisible = 0;
			defaultConfigurationName = Release;
		};
		BA088C425FCEA5EB071395F0 /* Build configuration list for PBXNativeTarget "AIFitnessCoachTests" */ = {
			isa = XCConfigurationList;
			buildConfigurations = (
				B0E9CBE601AD6D29AA0B223C /* Release */,
				CAB82168194DF1FE243F5FC0 /* Debug */,
			);
			defaultConfigurationIsVisible = 0;
			defaultConfigurationName = Release;
		};
/* End XCConfigurationList section */

/* Begin XCRemoteSwiftPackageReference section */
		0F29A922938A67769695405C /* XCRemoteSwiftPackageReference "generative-ai-swift" */ = {
			isa = XCRemoteSwiftPackageReference;
			repositoryURL = "https://github.com/google/generative-ai-swift";
			requirement = {
				kind = upToNextMajorVersion;
				minimumVersion = 0.5.4;
			};
		};
/* End XCRemoteSwiftPackageReference section */

/* Begin XCSwiftPackageProductDependency section */
		1DFC6E046AA02E4CF8689D9C /* GoogleGenerativeAI */ = {
			isa = XCSwiftPackageProductDependency;
			package = 0F29A922938A67769695405C /* XCRemoteSwiftPackageReference "generative-ai-swift" */;
			productName = GoogleGenerativeAI;
		};
		DDF501EC97778A185B48B142 /* GoogleGenerativeAI */ = {
			isa = XCSwiftPackageProductDependency;
			package = 0F29A922938A67769695405C /* XCRemoteSwiftPackageReference "generative-ai-swift" */;
			productName = GoogleGenerativeAI;
		};
/* End XCSwiftPackageProductDependency section */
	};
	rootObject = E842B198C5FE9662C7F3830B /* Project object */;
}
